
Microsoft Visual Studio Solution File, Format Version 12.00
# Visual Studio Version 16
VisualStudioVersion = 16.0.30804.86
MinimumVisualStudioVersion = 10.0.40219.1
Project("{FAE04EC0-301F-11D3-BF4B-00C04F79EFBC}") = "login", "login.csproj", "{15E6EF4D-D5DC-40DF-BD06-98BCE0D26772}"
EndProject
Global
	GlobalSection(SolutionConfigurationPlatforms) = preSolution
		Debug|Any CPU = Debug|Any CPU
		Release|Any CPU = Release|Any CPU
	EndGlobalSection
	GlobalSection(ProjectConfigurationPlatforms) = postSolution
		{15E6EF4D-D5DC-40DF-BD06-98BCE0D26772}.Debug|Any CPU.ActiveCfg = Debug|Any CPU
		{15E6EF4D-D5DC-40DF-BD06-98BCE0D26772}.Debug|Any CPU.Build.0 = Debug|Any CPU
		{15E6EF4D-D5DC-40DF-BD06-98BCE0D26772}.Release|Any CPU.ActiveCfg = Release|Any CPU
		{15E6EF4D-D5DC-40DF-BD06-98BCE0D26772}.Release|Any CPU.Build.0 = Release|Any CPU
	EndGlobalSection
	GlobalSection(SolutionProperties) = preSolution
		HideSolutionNode = FALSE
	EndGlobalSection
	GlobalSection(ExtensibilityGlobals) = postSolution
		SolutionGuid = {36318CF2-B5D8-442C-A60F-9653CA93B4D4}
	EndGlobalSection
EndGlobal
