
Microsoft Visual Studio Solution File, Format Version 12.00
# Visual Studio Version 16
VisualStudioVersion = 16.0.30717.126
MinimumVisualStudioVersion = 10.0.40219.1
Project("{FAE04EC0-301F-11D3-BF4B-00C04F79EFBC}") = "slip3", "slip3\slip3.csproj", "{B2C3A788-3584-41F4-B243-4D5EF0B5CA61}"
EndProject
Global
	GlobalSection(SolutionConfigurationPlatforms) = preSolution
		Debug|Any CPU = Debug|Any CPU
		Release|Any CPU = Release|Any CPU
	EndGlobalSection
	GlobalSection(ProjectConfigurationPlatforms) = postSolution
		{B2C3A788-3584-41F4-B243-4D5EF0B5CA61}.Debug|Any CPU.ActiveCfg = Debug|Any CPU
		{B2C3A788-3584-41F4-B243-4D5EF0B5CA61}.Debug|Any CPU.Build.0 = Debug|Any CPU
		{B2C3A788-3584-41F4-B243-4D5EF0B5CA61}.Release|Any CPU.ActiveCfg = Release|Any CPU
		{B2C3A788-3584-41F4-B243-4D5EF0B5CA61}.Release|Any CPU.Build.0 = Release|Any CPU
	EndGlobalSection
	GlobalSection(SolutionProperties) = preSolution
		HideSolutionNode = FALSE
	EndGlobalSection
	GlobalSection(ExtensibilityGlobals) = postSolution
		SolutionGuid = {C29A91AB-495D-48BE-9DC1-CBF60E1B292D}
	EndGlobalSection
EndGlobal
